
Microsoft Visual Studio Solution File, Format Version 12.00
# Visual Studio Version 17
VisualStudioVersion = 17.0.31903.59
MinimumVisualStudioVersion = 10.0.40219.1
Project("{FAE04EC0-301F-11D3-BF4B-00C04F79EFBC}") = "State", "State\State.csproj", "{0E817A8C-40F0-4A1A-B7B7-F709891DD214}"
EndProject
Project("{FAE04EC0-301F-11D3-BF4B-00C04F79EFBC}") = "Singleton", "Singleton\Singleton.csproj", "{68FBC102-3EFE-4C3C-B479-9CF22AE81CFD}"
EndProject
Project("{FAE04EC0-301F-11D3-BF4B-00C04F79EFBC}") = "Builder", "Builder\Builder.csproj", "{4472BB4F-52A8-4F15-8338-97196F453671}"
EndProject
Project("{FAE04EC0-301F-11D3-BF4B-00C04F79EFBC}") = "Factory", "Factory\Factory.csproj", "{E78A9571-3CCF-4F40-9F2F-0380C3FF376C}"
EndProject
Global
	GlobalSection(SolutionConfigurationPlatforms) = preSolution
		Debug|Any CPU = Debug|Any CPU
		Release|Any CPU = Release|Any CPU
	EndGlobalSection
	GlobalSection(ProjectConfigurationPlatforms) = postSolution
		{0E817A8C-40F0-4A1A-B7B7-F709891DD214}.Debug|Any CPU.ActiveCfg = Debug|Any CPU
		{0E817A8C-40F0-4A1A-B7B7-F709891DD214}.Debug|Any CPU.Build.0 = Debug|Any CPU
		{0E817A8C-40F0-4A1A-B7B7-F709891DD214}.Release|Any CPU.ActiveCfg = Release|Any CPU
		{0E817A8C-40F0-4A1A-B7B7-F709891DD214}.Release|Any CPU.Build.0 = Release|Any CPU
		{68FBC102-3EFE-4C3C-B479-9CF22AE81CFD}.Debug|Any CPU.ActiveCfg = Debug|Any CPU
		{68FBC102-3EFE-4C3C-B479-9CF22AE81CFD}.Debug|Any CPU.Build.0 = Debug|Any CPU
		{68FBC102-3EFE-4C3C-B479-9CF22AE81CFD}.Release|Any CPU.ActiveCfg = Release|Any CPU
		{68FBC102-3EFE-4C3C-B479-9CF22AE81CFD}.Release|Any CPU.Build.0 = Release|Any CPU
		{4472BB4F-52A8-4F15-8338-97196F453671}.Debug|Any CPU.ActiveCfg = Debug|Any CPU
		{4472BB4F-52A8-4F15-8338-97196F453671}.Debug|Any CPU.Build.0 = Debug|Any CPU
		{4472BB4F-52A8-4F15-8338-97196F453671}.Release|Any CPU.ActiveCfg = Release|Any CPU
		{4472BB4F-52A8-4F15-8338-97196F453671}.Release|Any CPU.Build.0 = Release|Any CPU
		{E78A9571-3CCF-4F40-9F2F-0380C3FF376C}.Debug|Any CPU.ActiveCfg = Debug|Any CPU
		{E78A9571-3CCF-4F40-9F2F-0380C3FF376C}.Debug|Any CPU.Build.0 = Debug|Any CPU
		{E78A9571-3CCF-4F40-9F2F-0380C3FF376C}.Release|Any CPU.ActiveCfg = Release|Any CPU
		{E78A9571-3CCF-4F40-9F2F-0380C3FF376C}.Release|Any CPU.Build.0 = Release|Any CPU
	EndGlobalSection
	GlobalSection(SolutionProperties) = preSolution
		HideSolutionNode = FALSE
	EndGlobalSection
	GlobalSection(ExtensibilityGlobals) = postSolution
		SolutionGuid = {38C668E5-E451-40E6-B5EA-29192E90A211}
	EndGlobalSection
EndGlobal
